
Microsoft Visual Studio Solution File, Format Version 12.00
Project("{FAE04EC0-301F-11D3-BF4B-00C04F79EFBC}") = "LiteServ.TestConsole", "LiteServ.TestConsole\LiteServ.TestConsole.csproj", "{3135C1FC-9216-4E2C-81C2-2524E2589F5F}"
EndProject
Project("{FAE04EC0-301F-11D3-BF4B-00C04F79EFBC}") = "LiteServ.Server", "LiteServ.Server\LiteServ.Server.csproj", "{6001E0DB-E7C8-4145-959D-5E8DFB223C90}"
EndProject
Project("{FAE04EC0-301F-11D3-BF4B-00C04F79EFBC}") = "LiteServ.Client", "LiteServ.Client\LiteServ.Client.csproj", "{10697115-B64D-4DC0-9543-6A82A41E3E91}"
EndProject
Project("{FAE04EC0-301F-11D3-BF4B-00C04F79EFBC}") = "LiteServ.Common", "LiteServ.Common\LiteServ.Common.csproj", "{5ABEEC32-26CB-4DA5-9DFC-AB0E6A882534}"
EndProject
Global
	GlobalSection(SolutionConfigurationPlatforms) = preSolution
		Debug|Any CPU = Debug|Any CPU
		Release|Any CPU = Release|Any CPU
	EndGlobalSection
	GlobalSection(ProjectConfigurationPlatforms) = postSolution
		{3135C1FC-9216-4E2C-81C2-2524E2589F5F}.Debug|Any CPU.ActiveCfg = Debug|Any CPU
		{3135C1FC-9216-4E2C-81C2-2524E2589F5F}.Debug|Any CPU.Build.0 = Debug|Any CPU
		{3135C1FC-9216-4E2C-81C2-2524E2589F5F}.Release|Any CPU.ActiveCfg = Release|Any CPU
		{3135C1FC-9216-4E2C-81C2-2524E2589F5F}.Release|Any CPU.Build.0 = Release|Any CPU
		{6001E0DB-E7C8-4145-959D-5E8DFB223C90}.Debug|Any CPU.ActiveCfg = Debug|Any CPU
		{6001E0DB-E7C8-4145-959D-5E8DFB223C90}.Debug|Any CPU.Build.0 = Debug|Any CPU
		{6001E0DB-E7C8-4145-959D-5E8DFB223C90}.Release|Any CPU.ActiveCfg = Release|Any CPU
		{6001E0DB-E7C8-4145-959D-5E8DFB223C90}.Release|Any CPU.Build.0 = Release|Any CPU
		{10697115-B64D-4DC0-9543-6A82A41E3E91}.Debug|Any CPU.ActiveCfg = Debug|Any CPU
		{10697115-B64D-4DC0-9543-6A82A41E3E91}.Debug|Any CPU.Build.0 = Debug|Any CPU
		{10697115-B64D-4DC0-9543-6A82A41E3E91}.Release|Any CPU.ActiveCfg = Release|Any CPU
		{10697115-B64D-4DC0-9543-6A82A41E3E91}.Release|Any CPU.Build.0 = Release|Any CPU
		{5ABEEC32-26CB-4DA5-9DFC-AB0E6A882534}.Debug|Any CPU.ActiveCfg = Debug|Any CPU
		{5ABEEC32-26CB-4DA5-9DFC-AB0E6A882534}.Debug|Any CPU.Build.0 = Debug|Any CPU
		{5ABEEC32-26CB-4DA5-9DFC-AB0E6A882534}.Release|Any CPU.ActiveCfg = Release|Any CPU
		{5ABEEC32-26CB-4DA5-9DFC-AB0E6A882534}.Release|Any CPU.Build.0 = Release|Any CPU
	EndGlobalSection
EndGlobal
